// !$*UTF8*$!
{
	archiveVersion = 1;
	classes = {
	};
	objectVersion = 46;
	objects = {

/* Begin PBXBuildFile section */
		20780C761CD8395B00210B17 /* AppDelegate.swift in Sources */ = {isa = PBXBuildFile; fileRef = 20780C751CD8395B00210B17 /* AppDelegate.swift */; };
		20780C781CD8395B00210B17 /* ViewController.swift in Sources */ = {isa = PBXBuildFile; fileRef = 20780C771CD8395B00210B17 /* ViewController.swift */; };
		20780C7B1CD8395B00210B17 /* Main.storyboard in Resources */ = {isa = PBXBuildFile; fileRef = 20780C791CD8395B00210B17 /* Main.storyboard */; };
		20780C7D1CD8395B00210B17 /* Assets.xcassets in Resources */ = {isa = PBXBuildFile; fileRef = 20780C7C1CD8395B00210B17 /* Assets.xcassets */; };
		20780C801CD8395B00210B17 /* LaunchScreen.storyboard in Resources */ = {isa = PBXBuildFile; fileRef = 20780C7E1CD8395B00210B17 /* LaunchScreen.storyboard */; };
		20780C881CD8499900210B17 /* FBSDKCoreKit.framework in Frameworks */ = {isa = PBXBuildFile; fileRef = 20780C871CD8499900210B17 /* FBSDKCoreKit.framework */; };
		20780C8B1CD84AA800210B17 /* FBSDKLoginKit.framework in Frameworks */ = {isa = PBXBuildFile; fileRef = 20780C8A1CD84AA800210B17 /* FBSDKLoginKit.framework */; };
		20780C8D1CD84AB000210B17 /* FBSDKShareKit.framework in Frameworks */ = {isa = PBXBuildFile; fileRef = 20780C8C1CD84AB000210B17 /* FBSDKShareKit.framework */; };
		2093DA251D29DC2200738FF0 /* ScrollViewController.swift in Sources */ = {isa = PBXBuildFile; fileRef = 2093DA241D29DC2200738FF0 /* ScrollViewController.swift */; };
		2093DA271D29DFEB00738FF0 /* InfoViewController.swift in Sources */ = {isa = PBXBuildFile; fileRef = 2093DA261D29DFEB00738FF0 /* InfoViewController.swift */; };
		20C97ED91CDAFAE4007A3823 /* Logout Rounded-50@2x.png in Resources */ = {isa = PBXBuildFile; fileRef = 20C97ED71CDAFAE4007A3823 /* Logout Rounded-50@2x.png */; };
		20C97EDA1CDAFAE4007A3823 /* Message-50@2x.png in Resources */ = {isa = PBXBuildFile; fileRef = 20C97ED81CDAFAE4007A3823 /* Message-50@2x.png */; };
		20C97EDC1CDB0014007A3823 /* EventsTableViewController.swift in Sources */ = {isa = PBXBuildFile; fileRef = 20C97EDB1CDB0014007A3823 /* EventsTableViewController.swift */; };
		20C97EDE1CDB003B007A3823 /* EventsFoldingTableViewCell.swift in Sources */ = {isa = PBXBuildFile; fileRef = 20C97EDD1CDB003B007A3823 /* EventsFoldingTableViewCell.swift */; };
		FFEBD3C43875777063931DFB /* Pods_HangWithTsu.framework in Frameworks */ = {isa = PBXBuildFile; fileRef = 806721DBDA3A8BA93A4F326F /* Pods_HangWithTsu.framework */; };
/* End PBXBuildFile section */

/* Begin PBXFileReference section */
		20780C721CD8395B00210B17 /* HangWithTsu.app */ = {isa = PBXFileReference; explicitFileType = wrapper.application; includeInIndex = 0; path = HangWithTsu.app; sourceTree = BUILT_PRODUCTS_DIR; };
		20780C751CD8395B00210B17 /* AppDelegate.swift */ = {isa = PBXFileReference; lastKnownFileType = sourcecode.swift; path = AppDelegate.swift; sourceTree = "<group>"; };
		20780C771CD8395B00210B17 /* ViewController.swift */ = {isa = PBXFileReference; lastKnownFileType = sourcecode.swift; path = ViewController.swift; sourceTree = "<group>"; };
		20780C7A1CD8395B00210B17 /* Base */ = {isa = PBXFileReference; lastKnownFileType = file.storyboard; name = Base; path = Base.lproj/Main.storyboard; sourceTree = "<group>"; };
		20780C7C1CD8395B00210B17 /* Assets.xcassets */ = {isa = PBXFileReference; lastKnownFileType = folder.assetcatalog; path = Assets.xcassets; sourceTree = "<group>"; };
		20780C7F1CD8395B00210B17 /* Base */ = {isa = PBXFileReference; lastKnownFileType = file.storyboard; name = Base; path = Base.lproj/LaunchScreen.storyboard; sourceTree = "<group>"; };
		20780C811CD8395B00210B17 /* Info.plist */ = {isa = PBXFileReference; lastKnownFileType = text.plist.xml; path = Info.plist; sourceTree = "<group>"; };
		20780C871CD8499900210B17 /* FBSDKCoreKit.framework */ = {isa = PBXFileReference; lastKnownFileType = wrapper.framework; path = FBSDKCoreKit.framework; sourceTree = "<group>"; };
		20780C8A1CD84AA800210B17 /* FBSDKLoginKit.framework */ = {isa = PBXFileReference; lastKnownFileType = wrapper.framework; path = FBSDKLoginKit.framework; sourceTree = "<group>"; };
		20780C8C1CD84AB000210B17 /* FBSDKShareKit.framework */ = {isa = PBXFileReference; lastKnownFileType = wrapper.framework; path = FBSDKShareKit.framework; sourceTree = "<group>"; };
		20780C8E1CD84C0B00210B17 /* Bridging-Header.h */ = {isa = PBXFileReference; lastKnownFileType = sourcecode.c.h; path = "Bridging-Header.h"; sourceTree = "<group>"; };
		2093DA241D29DC2200738FF0 /* ScrollViewController.swift */ = {isa = PBXFileReference; fileEncoding = 4; lastKnownFileType = sourcecode.swift; path = ScrollViewController.swift; sourceTree = "<group>"; };
		2093DA261D29DFEB00738FF0 /* InfoViewController.swift */ = {isa = PBXFileReference; fileEncoding = 4; lastKnownFileType = sourcecode.swift; path = InfoViewController.swift; sourceTree = "<group>"; };
		20C97ED71CDAFAE4007A3823 /* Logout Rounded-50@2x.png */ = {isa = PBXFileReference; lastKnownFileType = image.png; path = "Logout Rounded-50@2x.png"; sourceTree = "<group>"; };
		20C97ED81CDAFAE4007A3823 /* Message-50@2x.png */ = {isa = PBXFileReference; lastKnownFileType = image.png; path = "Message-50@2x.png"; sourceTree = "<group>"; };
		20C97EDB1CDB0014007A3823 /* EventsTableViewController.swift */ = {isa = PBXFileReference; fileEncoding = 4; lastKnownFileType = sourcecode.swift; path = EventsTableViewController.swift; sourceTree = "<group>"; };
		20C97EDD1CDB003B007A3823 /* EventsFoldingTableViewCell.swift */ = {isa = PBXFileReference; fileEncoding = 4; lastKnownFileType = sourcecode.swift; path = EventsFoldingTableViewCell.swift; sourceTree = "<group>"; };
		806721DBDA3A8BA93A4F326F /* Pods_HangWithTsu.framework */ = {isa = PBXFileReference; explicitFileType = wrapper.framework; includeInIndex = 0; path = Pods_HangWithTsu.framework; sourceTree = BUILT_PRODUCTS_DIR; };
		A9A894A21ACF80112C54E389 /* Pods-HangWithTsu.release.xcconfig */ = {isa = PBXFileReference; includeInIndex = 1; lastKnownFileType = text.xcconfig; name = "Pods-HangWithTsu.release.xcconfig"; path = "Pods/Target Support Files/Pods-HangWithTsu/Pods-HangWithTsu.release.xcconfig"; sourceTree = "<group>"; };
		C27981C5837646049F602661 /* Pods-HangWithTsu.debug.xcconfig */ = {isa = PBXFileReference; includeInIndex = 1; lastKnownFileType = text.xcconfig; name = "Pods-HangWithTsu.debug.xcconfig"; path = "Pods/Target Support Files/Pods-HangWithTsu/Pods-HangWithTsu.debug.xcconfig"; sourceTree = "<group>"; };
/* End PBXFileReference section */

/* Begin PBXFrameworksBuildPhase section */
		20780C6F1CD8395B00210B17 /* Frameworks */ = {
			isa = PBXFrameworksBuildPhase;
			buildActionMask = 2147483647;
			files = (
				20780C8B1CD84AA800210B17 /* FBSDKLoginKit.framework in Frameworks */,
				20780C881CD8499900210B17 /* FBSDKCoreKit.framework in Frameworks */,
				20780C8D1CD84AB000210B17 /* FBSDKShareKit.framework in Frameworks */,
				FFEBD3C43875777063931DFB /* Pods_HangWithTsu.framework in Frameworks */,
			);
			runOnlyForDeploymentPostprocessing = 0;
		};
/* End PBXFrameworksBuildPhase section */

/* Begin PBXGroup section */
		20780C691CD8395B00210B17 = {
			isa = PBXGroup;
			children = (
				20780C741CD8395B00210B17 /* HangWithTsu */,
				20780C731CD8395B00210B17 /* Products */,
				8E9F282F0442799749AE0071 /* Pods */,
				2E4C21C323FDAC1668E62030 /* Frameworks */,
			);
			sourceTree = "<group>";
		};
		20780C731CD8395B00210B17 /* Products */ = {
			isa = PBXGroup;
			children = (
				20780C721CD8395B00210B17 /* HangWithTsu.app */,
			);
			name = Products;
			sourceTree = "<group>";
		};
		20780C741CD8395B00210B17 /* HangWithTsu */ = {
			isa = PBXGroup;
			children = (
				20780C891CD849A700210B17 /* Frameworks */,
				20780C751CD8395B00210B17 /* AppDelegate.swift */,
				20780C8E1CD84C0B00210B17 /* Bridging-Header.h */,
				20780C771CD8395B00210B17 /* ViewController.swift */,
				20780C791CD8395B00210B17 /* Main.storyboard */,
				2093DA261D29DFEB00738FF0 /* InfoViewController.swift */,
				2093DA241D29DC2200738FF0 /* ScrollViewController.swift */,
				20C97EDD1CDB003B007A3823 /* EventsFoldingTableViewCell.swift */,
				20C97EDB1CDB0014007A3823 /* EventsTableViewController.swift */,
				20780C7C1CD8395B00210B17 /* Assets.xcassets */,
				20780C7E1CD8395B00210B17 /* LaunchScreen.storyboard */,
				20780C811CD8395B00210B17 /* Info.plist */,
				20C97ED61CDAFAD2007A3823 /* Icons */,
			);
			path = HangWithTsu;
			sourceTree = "<group>";
		};
		20780C891CD849A700210B17 /* Frameworks */ = {
			isa = PBXGroup;
			children = (
				20780C8C1CD84AB000210B17 /* FBSDKShareKit.framework */,
				20780C8A1CD84AA800210B17 /* FBSDKLoginKit.framework */,
				20780C871CD8499900210B17 /* FBSDKCoreKit.framework */,
			);
			name = Frameworks;
			sourceTree = "<group>";
		};
		20C97ED61CDAFAD2007A3823 /* Icons */ = {
			isa = PBXGroup;
			children = (
				20C97ED71CDAFAE4007A3823 /* Logout Rounded-50@2x.png */,
				20C97ED81CDAFAE4007A3823 /* Message-50@2x.png */,
			);
			name = Icons;
			sourceTree = "<group>";
		};
		2E4C21C323FDAC1668E62030 /* Frameworks */ = {
			isa = PBXGroup;
			children = (
				806721DBDA3A8BA93A4F326F /* Pods_HangWithTsu.framework */,
			);
			name = Frameworks;
			sourceTree = "<group>";
		};
		8E9F282F0442799749AE0071 /* Pods */ = {
			isa = PBXGroup;
			children = (
				C27981C5837646049F602661 /* Pods-HangWithTsu.debug.xcconfig */,
				A9A894A21ACF80112C54E389 /* Pods-HangWithTsu.release.xcconfig */,
			);
			name = Pods;
			sourceTree = "<group>";
		};
/* End PBXGroup section */

/* Begin PBXNativeTarget section */
		20780C711CD8395B00210B17 /* HangWithTsu */ = {
			isa = PBXNativeTarget;
			buildConfigurationList = 20780C841CD8395B00210B17 /* Build configuration list for PBXNativeTarget "HangWithTsu" */;
			buildPhases = (
				B9D20F56E94683F44EF77E1D /* Check Pods Manifest.lock */,
				20780C6E1CD8395B00210B17 /* Sources */,
				20780C6F1CD8395B00210B17 /* Frameworks */,
				20780C701CD8395B00210B17 /* Resources */,
				25539DE7ABFA1EA8F705C706 /* Embed Pods Frameworks */,
				7207EED243091C24000EC22D /* Copy Pods Resources */,
			);
			buildRules = (
			);
			dependencies = (
			);
			name = HangWithTsu;
			productName = HangWithTsu;
			productReference = 20780C721CD8395B00210B17 /* HangWithTsu.app */;
			productType = "com.apple.product-type.application";
		};
/* End PBXNativeTarget section */

/* Begin PBXProject section */
		20780C6A1CD8395B00210B17 /* Project object */ = {
			isa = PBXProject;
			attributes = {
				LastSwiftUpdateCheck = 0720;
				LastUpgradeCheck = 0720;
				ORGANIZATIONNAME = "Alexander Tsu";
				TargetAttributes = {
					20780C711CD8395B00210B17 = {
						CreatedOnToolsVersion = 7.2;
					};
				};
			};
			buildConfigurationList = 20780C6D1CD8395B00210B17 /* Build configuration list for PBXProject "HangWithTsu" */;
			compatibilityVersion = "Xcode 3.2";
			developmentRegion = English;
			hasScannedForEncodings = 0;
			knownRegions = (
				en,
				Base,
			);
			mainGroup = 20780C691CD8395B00210B17;
			productRefGroup = 20780C731CD8395B00210B17 /* Products */;
			projectDirPath = "";
			projectRoot = "";
			targets = (
				20780C711CD8395B00210B17 /* HangWithTsu */,
			);
		};
/* End PBXProject section */

/* Begin PBXResourcesBuildPhase section */
		20780C701CD8395B00210B17 /* Resources */ = {
			isa = PBXResourcesBuildPhase;
			buildActionMask = 2147483647;
			files = (
				20C97EDA1CDAFAE4007A3823 /* Message-50@2x.png in Resources */,
				20780C801CD8395B00210B17 /* LaunchScreen.storyboard in Resources */,
				20780C7D1CD8395B00210B17 /* Assets.xcassets in Resources */,
				20C97ED91CDAFAE4007A3823 /* Logout Rounded-50@2x.png in Resources */,
				20780C7B1CD8395B00210B17 /* Main.storyboard in Resources */,
			);
			runOnlyForDeploymentPostprocessing = 0;
		};
/* End PBXResourcesBuildPhase section */

/* Begin PBXShellScriptBuildPhase section */
		25539DE7ABFA1EA8F705C706 /* Embed Pods Frameworks */ = {
			isa = PBXShellScriptBuildPhase;
			buildActionMask = 2147483647;
			files = (
			);
			inputPaths = (
			);
			name = "Embed Pods Frameworks";
			outputPaths = (
			);
			runOnlyForDeploymentPostprocessing = 0;
			shellPath = /bin/sh;
			shellScript = "\"${SRCROOT}/Pods/Target Support Files/Pods-HangWithTsu/Pods-HangWithTsu-frameworks.sh\"\n";
			showEnvVarsInLog = 0;
		};
		7207EED243091C24000EC22D /* Copy Pods Resources */ = {
			isa = PBXShellScriptBuildPhase;
			buildActionMask = 2147483647;
			files = (
			);
			inputPaths = (
			);
			name = "Copy Pods Resources";
			outputPaths = (
			);
			runOnlyForDeploymentPostprocessing = 0;
			shellPath = /bin/sh;
			shellScript = "\"${SRCROOT}/Pods/Target Support Files/Pods-HangWithTsu/Pods-HangWithTsu-resources.sh\"\n";
			showEnvVarsInLog = 0;
		};
		B9D20F56E94683F44EF77E1D /* Check Pods Manifest.lock */ = {
			isa = PBXShellScriptBuildPhase;
			buildActionMask = 2147483647;
			files = (
			);
			inputPaths = (
			);
			name = "Check Pods Manifest.lock";
			outputPaths = (
			);
			runOnlyForDeploymentPostprocessing = 0;
			shellPath = /bin/sh;
			shellScript = "diff \"${PODS_ROOT}/../Podfile.lock\" \"${PODS_ROOT}/Manifest.lock\" > /dev/null\nif [[ $? != 0 ]] ; then\n    cat << EOM\nerror: The sandbox is not in sync with the Podfile.lock. Run 'pod install' or update your CocoaPods installation.\nEOM\n    exit 1\nfi\n";
			showEnvVarsInLog = 0;
		};
/* End PBXShellScriptBuildPhase section */

/* Begin PBXSourcesBuildPhase section */
		20780C6E1CD8395B00210B17 /* Sources */ = {
			isa = PBXSourcesBuildPhase;
			buildActionMask = 2147483647;
			files = (
				20C97EDE1CDB003B007A3823 /* EventsFoldingTableViewCell.swift in Sources */,
				20780C781CD8395B00210B17 /* ViewController.swift in Sources */,
				2093DA251D29DC2200738FF0 /* ScrollViewController.swift in Sources */,
				20780C761CD8395B00210B17 /* AppDelegate.swift in Sources */,
				2093DA271D29DFEB00738FF0 /* InfoViewController.swift in Sources */,
				20C97EDC1CDB0014007A3823 /* EventsTableViewController.swift in Sources */,
			);
			runOnlyForDeploymentPostprocessing = 0;
		};
/* End PBXSourcesBuildPhase section */

/* Begin PBXVariantGroup section */
		20780C791CD8395B00210B17 /* Main.storyboard */ = {
			isa = PBXVariantGroup;
			children = (
				20780C7A1CD8395B00210B17 /* Base */,
			);
			name = Main.storyboard;
			sourceTree = "<group>";
		};
		20780C7E1CD8395B00210B17 /* LaunchScreen.storyboard */ = {
			isa = PBXVariantGroup;
			children = (
				20780C7F1CD8395B00210B17 /* Base */,
			);
			name = LaunchScreen.storyboard;
			sourceTree = "<group>";
		};
/* End PBXVariantGroup section */

/* Begin XCBuildConfiguration section */
		20780C821CD8395B00210B17 /* Debug */ = {
			isa = XCBuildConfiguration;
			buildSettings = {
				ALWAYS_SEARCH_USER_PATHS = NO;
				CLANG_CXX_LANGUAGE_STANDARD = "gnu++0x";
				CLANG_CXX_LIBRARY = "libc++";
				CLANG_ENABLE_MODULES = YES;
				CLANG_ENABLE_OBJC_ARC = YES;
				CLANG_WARN_BOOL_CONVERSION = YES;
				CLANG_WARN_CONSTANT_CONVERSION = YES;
				CLANG_WARN_DIRECT_OBJC_ISA_USAGE = YES_ERROR;
				CLANG_WARN_EMPTY_BODY = YES;
				CLANG_WARN_ENUM_CONVERSION = YES;
				CLANG_WARN_INT_CONVERSION = YES;
				CLANG_WARN_OBJC_ROOT_CLASS = YES_ERROR;
				CLANG_WARN_UNREACHABLE_CODE = YES;
				CLANG_WARN__DUPLICATE_METHOD_MATCH = YES;
				"CODE_SIGN_IDENTITY[sdk=iphoneos*]" = "iPhone Developer";
				COPY_PHASE_STRIP = NO;
				DEBUG_INFORMATION_FORMAT = dwarf;
				ENABLE_STRICT_OBJC_MSGSEND = YES;
				ENABLE_TESTABILITY = YES;
				GCC_C_LANGUAGE_STANDARD = gnu99;
				GCC_DYNAMIC_NO_PIC = NO;
				GCC_NO_COMMON_BLOCKS = YES;
				GCC_OPTIMIZATION_LEVEL = 0;
				GCC_PREPROCESSOR_DEFINITIONS = (
					"DEBUG=1",
					"$(inherited)",
				);
				GCC_WARN_64_TO_32_BIT_CONVERSION = YES;
				GCC_WARN_ABOUT_RETURN_TYPE = YES_ERROR;
				GCC_WARN_UNDECLARED_SELECTOR = YES;
				GCC_WARN_UNINITIALIZED_AUTOS = YES_AGGRESSIVE;
				GCC_WARN_UNUSED_FUNCTION = YES;
				GCC_WARN_UNUSED_VARIABLE = YES;
				IPHONEOS_DEPLOYMENT_TARGET = 9.2;
				MTL_ENABLE_DEBUG_INFO = YES;
				ONLY_ACTIVE_ARCH = YES;
				SDKROOT = iphoneos;
				SWIFT_OPTIMIZATION_LEVEL = "-Onone";
			};
			name = Debug;
		};
		20780C831CD8395B00210B17 /* Release */ = {
			isa = XCBuildConfiguration;
			buildSettings = {
				ALWAYS_SEARCH_USER_PATHS = NO;
				CLANG_CXX_LANGUAGE_STANDARD = "gnu++0x";
				CLANG_CXX_LIBRARY = "libc++";
				CLANG_ENABLE_MODULES = YES;
				CLANG_ENABLE_OBJC_ARC = YES;
				CLANG_WARN_BOOL_CONVERSION = YES;
				CLANG_WARN_CONSTANT_CONVERSION = YES;
				CLANG_WARN_DIRECT_OBJC_ISA_USAGE = YES_ERROR;
				CLANG_WARN_EMPTY_BODY = YES;
				CLANG_WARN_ENUM_CONVERSION = YES;
				CLANG_WARN_INT_CONVERSION = YES;
				CLANG_WARN_OBJC_ROOT_CLASS = YES_ERROR;
				CLANG_WARN_UNREACHABLE_CODE = YES;
				CLANG_WARN__DUPLICATE_METHOD_MATCH = YES;
				"CODE_SIGN_IDENTITY[sdk=iphoneos*]" = "iPhone Developer";
				COPY_PHASE_STRIP = NO;
				DEBUG_INFORMATION_FORMAT = "dwarf-with-dsym";
				ENABLE_NS_ASSERTIONS = NO;
				ENABLE_STRICT_OBJC_MSGSEND = YES;
				GCC_C_LANGUAGE_STANDARD = gnu99;
				GCC_NO_COMMON_BLOCKS = YES;
				GCC_WARN_64_TO_32_BIT_CONVERSION = YES;
				GCC_WARN_ABOUT_RETURN_TYPE = YES_ERROR;
				GCC_WARN_UNDECLARED_SELECTOR = YES;
				GCC_WARN_UNINITIALIZED_AUTOS = YES_AGGRESSIVE;
				GCC_WARN_UNUSED_FUNCTION = YES;
				GCC_WARN_UNUSED_VARIABLE = YES;
				IPHONEOS_DEPLOYMENT_TARGET = 9.2;
				MTL_ENABLE_DEBUG_INFO = NO;
				SDKROOT = iphoneos;
				VALIDATE_PRODUCT = YES;
			};
			name = Release;
		};
		20780C851CD8395B00210B17 /* Debug */ = {
			isa = XCBuildConfiguration;
			baseConfigurationReference = C27981C5837646049F602661 /* Pods-HangWithTsu.debug.xcconfig */;
			buildSettings = {
				ASSETCATALOG_COMPILER_APPICON_NAME = AppIcon;
				FRAMEWORK_SEARCH_PATHS = (
					"$(inherited)",
					"$(PROJECT_DIR)/HangWithTsu",
				);
				INFOPLIST_FILE = HangWithTsu/Info.plist;
				LD_RUNPATH_SEARCH_PATHS = "$(inherited) @executable_path/Frameworks";
				PRODUCT_BUNDLE_IDENTIFIER = com.alextsu.HangWithTsu;
				PRODUCT_NAME = "$(TARGET_NAME)";
				SWIFT_OBJC_BRIDGING_HEADER = "HangWithTsu/Bridging-Header.h";
			};
			name = Debug;
		};
		20780C861CD8395B00210B17 /* Release */ = {
			isa = XCBuildConfiguration;
			baseConfigurationReference = A9A894A21ACF80112C54E389 /* Pods-HangWithTsu.release.xcconfig */;
			buildSettings = {
				ASSETCATALOG_COMPILER_APPICON_NAME = AppIcon;
				FRAMEWORK_SEARCH_PATHS = (
					"$(inherited)",
					"$(PROJECT_DIR)/HangWithTsu",
				);
				INFOPLIST_FILE = HangWithTsu/Info.plist;
				LD_RUNPATH_SEARCH_PATHS = "$(inherited) @executable_path/Frameworks";
				PRODUCT_BUNDLE_IDENTIFIER = com.alextsu.HangWithTsu;
				PRODUCT_NAME = "$(TARGET_NAME)";
				SWIFT_OBJC_BRIDGING_HEADER = "HangWithTsu/Bridging-Header.h";
			};
			name = Release;
		};
/* End XCBuildConfiguration section */

/* Begin XCConfigurationList section */
		20780C6D1CD8395B00210B17 /* Build configuration list for PBXProject "HangWithTsu" */ = {
			isa = XCConfigurationList;
			buildConfigurations = (
				20780C821CD8395B00210B17 /* Debug */,
				20780C831CD8395B00210B17 /* Release */,
			);
			defaultConfigurationIsVisible = 0;
			defaultConfigurationName = Release;
		};
		20780C841CD8395B00210B17 /* Build configuration list for PBXNativeTarget "HangWithTsu" */ = {
			isa = XCConfigurationList;
			buildConfigurations = (
				20780C851CD8395B00210B17 /* Debug */,
				20780C861CD8395B00210B17 /* Release */,
			);
			defaultConfigurationIsVisible = 0;
			defaultConfigurationName = Release;
		};
/* End XCConfigurationList section */
	};
	rootObject = 20780C6A1CD8395B00210B17 /* Project object */;
}
